
Microsoft Visual Studio Solution File, Format Version 12.00
# Visual Studio Version 16
VisualStudioVersion = 16.0.31515.178
MinimumVisualStudioVersion = 10.0.40219.1
Project("{FAE04EC0-301F-11D3-BF4B-00C04F79EFBC}") = "JluEcom.Web", "JluEcom.Web\JluEcom.Web.csproj", "{BBA7F814-2E6F-4ED6-8201-E51BB8DE6815}"
EndProject
Global
	GlobalSection(SolutionConfigurationPlatforms) = preSolution
		Debug|Any CPU = Debug|Any CPU
		Release|Any CPU = Release|Any CPU
	EndGlobalSection
	GlobalSection(ProjectConfigurationPlatforms) = postSolution
		{BBA7F814-2E6F-4ED6-8201-E51BB8DE6815}.Debug|Any CPU.ActiveCfg = Debug|Any CPU
		{BBA7F814-2E6F-4ED6-8201-E51BB8DE6815}.Debug|Any CPU.Build.0 = Debug|Any CPU
		{BBA7F814-2E6F-4ED6-8201-E51BB8DE6815}.Release|Any CPU.ActiveCfg = Release|Any CPU
		{BBA7F814-2E6F-4ED6-8201-E51BB8DE6815}.Release|Any CPU.Build.0 = Release|Any CPU
	EndGlobalSection
	GlobalSection(SolutionProperties) = preSolution
		HideSolutionNode = FALSE
	EndGlobalSection
	GlobalSection(ExtensibilityGlobals) = postSolution
		SolutionGuid = {35671AB4-FE34-4A5B-B68E-BE95839B1935}
	EndGlobalSection
EndGlobal
